// !$*UTF8*$!
{
	archiveVersion = 1;
	classes = {
	};
	objectVersion = 50;
	objects = {

/* Begin PBXBuildFile section */
		7D0D508C223661F40098F529 /* DescViewController.swift in Sources */ = {isa = PBXBuildFile; fileRef = 7D0D508B223661F40098F529 /* DescViewController.swift */; };
		7D0D508E223667280098F529 /* SegmentViewController.swift in Sources */ = {isa = PBXBuildFile; fileRef = 7D0D508D223667280098F529 /* SegmentViewController.swift */; };
		7DC14F24222E83F300115548 /* AppDelegate.swift in Sources */ = {isa = PBXBuildFile; fileRef = 7DC14F23222E83F300115548 /* AppDelegate.swift */; };
		7DC14F26222E83F300115548 /* SignUpViewController.swift in Sources */ = {isa = PBXBuildFile; fileRef = 7DC14F25222E83F300115548 /* SignUpViewController.swift */; };
		7DC14F29222E83F300115548 /* Main.storyboard in Resources */ = {isa = PBXBuildFile; fileRef = 7DC14F27222E83F300115548 /* Main.storyboard */; };
		7DC14F2B222E83F400115548 /* Assets.xcassets in Resources */ = {isa = PBXBuildFile; fileRef = 7DC14F2A222E83F400115548 /* Assets.xcassets */; };
		7DC14F2E222E83F400115548 /* LaunchScreen.storyboard in Resources */ = {isa = PBXBuildFile; fileRef = 7DC14F2C222E83F400115548 /* LaunchScreen.storyboard */; };
/* End PBXBuildFile section */

/* Begin PBXFileReference section */
		7D0D508B223661F40098F529 /* DescViewController.swift */ = {isa = PBXFileReference; lastKnownFileType = sourcecode.swift; path = DescViewController.swift; sourceTree = "<group>"; };
		7D0D508D223667280098F529 /* SegmentViewController.swift */ = {isa = PBXFileReference; lastKnownFileType = sourcecode.swift; path = SegmentViewController.swift; sourceTree = "<group>"; };
		7DC14F20222E83F300115548 /* Sign Up.app */ = {isa = PBXFileReference; explicitFileType = wrapper.application; includeInIndex = 0; path = "Sign Up.app"; sourceTree = BUILT_PRODUCTS_DIR; };
		7DC14F23222E83F300115548 /* AppDelegate.swift */ = {isa = PBXFileReference; lastKnownFileType = sourcecode.swift; path = AppDelegate.swift; sourceTree = "<group>"; };
		7DC14F25222E83F300115548 /* SignUpViewController.swift */ = {isa = PBXFileReference; lastKnownFileType = sourcecode.swift; path = SignUpViewController.swift; sourceTree = "<group>"; };
		7DC14F28222E83F300115548 /* Base */ = {isa = PBXFileReference; lastKnownFileType = file.storyboard; name = Base; path = Base.lproj/Main.storyboard; sourceTree = "<group>"; };
		7DC14F2A222E83F400115548 /* Assets.xcassets */ = {isa = PBXFileReference; lastKnownFileType = folder.assetcatalog; path = Assets.xcassets; sourceTree = "<group>"; };
		7DC14F2D222E83F400115548 /* Base */ = {isa = PBXFileReference; lastKnownFileType = file.storyboard; name = Base; path = Base.lproj/LaunchScreen.storyboard; sourceTree = "<group>"; };
		7DC14F2F222E83F400115548 /* Info.plist */ = {isa = PBXFileReference; lastKnownFileType = text.plist.xml; path = Info.plist; sourceTree = "<group>"; };
/* End PBXFileReference section */

/* Begin PBXFrameworksBuildPhase section */
		7DC14F1D222E83F300115548 /* Frameworks */ = {
			isa = PBXFrameworksBuildPhase;
			buildActionMask = 2147483647;
			files = (
			);
			runOnlyForDeploymentPostprocessing = 0;
		};
/* End PBXFrameworksBuildPhase section */

/* Begin PBXGroup section */
		7DC14F17222E83F300115548 = {
			isa = PBXGroup;
			children = (
				7DC14F22222E83F300115548 /* Sign Up */,
				7DC14F21222E83F300115548 /* Products */,
			);
			sourceTree = "<group>";
		};
		7DC14F21222E83F300115548 /* Products */ = {
			isa = PBXGroup;
			children = (
				7DC14F20222E83F300115548 /* Sign Up.app */,
			);
			name = Products;
			sourceTree = "<group>";
		};
		7DC14F22222E83F300115548 /* Sign Up */ = {
			isa = PBXGroup;
			children = (
				7DC14F23222E83F300115548 /* AppDelegate.swift */,
				7DC14F25222E83F300115548 /* SignUpViewController.swift */,
				7DC14F27222E83F300115548 /* Main.storyboard */,
				7DC14F2A222E83F400115548 /* Assets.xcassets */,
				7DC14F2C222E83F400115548 /* LaunchScreen.storyboard */,
				7DC14F2F222E83F400115548 /* Info.plist */,
				7D0D508B223661F40098F529 /* DescViewController.swift */,
				7D0D508D223667280098F529 /* SegmentViewController.swift */,
			);
			path = "Sign Up";
			sourceTree = "<group>";
		};
/* End PBXGroup section */

/* Begin PBXNativeTarget section */
		7DC14F1F222E83F300115548 /* Sign Up */ = {
			isa = PBXNativeTarget;
			buildConfigurationList = 7DC14F32222E83F400115548 /* Build configuration list for PBXNativeTarget "Sign Up" */;
			buildPhases = (
				7DC14F1C222E83F300115548 /* Sources */,
				7DC14F1D222E83F300115548 /* Frameworks */,
				7DC14F1E222E83F300115548 /* Resources */,
			);
			buildRules = (
			);
			dependencies = (
			);
			name = "Sign Up";
			productName = "Sign Up";
			productReference = 7DC14F20222E83F300115548 /* Sign Up.app */;
			productType = "com.apple.product-type.application";
		};
/* End PBXNativeTarget section */

/* Begin PBXProject section */
		7DC14F18222E83F300115548 /* Project object */ = {
			isa = PBXProject;
			attributes = {
				LastSwiftUpdateCheck = 1010;
				LastUpgradeCheck = 1010;
				ORGANIZATIONNAME = "Anuranjan Bose";
				TargetAttributes = {
					7DC14F1F222E83F300115548 = {
						CreatedOnToolsVersion = 10.1;
					};
				};
			};
			buildConfigurationList = 7DC14F1B222E83F300115548 /* Build configuration list for PBXProject "Sign Up" */;
			compatibilityVersion = "Xcode 9.3";
			developmentRegion = en;
			hasScannedForEncodings = 0;
			knownRegions = (
				en,
				Base,
			);
			mainGroup = 7DC14F17222E83F300115548;
			productRefGroup = 7DC14F21222E83F300115548 /* Products */;
			projectDirPath = "";
			projectRoot = "";
			targets = (
				7DC14F1F222E83F300115548 /* Sign Up */,
			);
		};
/* End PBXProject section */

/* Begin PBXResourcesBuildPhase section */
		7DC14F1E222E83F300115548 /* Resources */ = {
			isa = PBXResourcesBuildPhase;
			buildActionMask = 2147483647;
			files = (
				7DC14F2E222E83F400115548 /* LaunchScreen.storyboard in Resources */,
				7DC14F2B222E83F400115548 /* Assets.xcassets in Resources */,
				7DC14F29222E83F300115548 /* Main.storyboard in Resources */,
			);
			runOnlyForDeploymentPostprocessing = 0;
		};
/* End PBXResourcesBuildPhase section */

/* Begin PBXSourcesBuildPhase section */
		7DC14F1C222E83F300115548 /* Sources */ = {
			isa = PBXSourcesBuildPhase;
			buildActionMask = 2147483647;
			files = (
				7D0D508E223667280098F529 /* SegmentViewController.swift in Sources */,
				7DC14F26222E83F300115548 /* SignUpViewController.swift in Sources */,
				7D0D508C223661F40098F529 /* DescViewController.swift in Sources */,
				7DC14F24222E83F300115548 /* AppDelegate.swift in Sources */,
			);
			runOnlyForDeploymentPostprocessing = 0;
		};
/* End PBXSourcesBuildPhase section */

/* Begin PBXVariantGroup section */
		7DC14F27222E83F300115548 /* Main.storyboard */ = {
			isa = PBXVariantGroup;
			children = (
				7DC14F28222E83F300115548 /* Base */,
			);
			name = Main.storyboard;
			sourceTree = "<group>";
		};
		7DC14F2C222E83F400115548 /* LaunchScreen.storyboard */ = {
			isa = PBXVariantGroup;
			children = (
				7DC14F2D222E83F400115548 /* Base */,
			);
			name = LaunchScreen.storyboard;
			sourceTree = "<group>";
		};
/* End PBXVariantGroup section */

/* Begin XCBuildConfiguration section */
		7DC14F30222E83F400115548 /* Debug */ = {
			isa = XCBuildConfiguration;
			buildSettings = {
				ALWAYS_SEARCH_USER_PATHS = NO;
				CLANG_ANALYZER_NONNULL = YES;
				CLANG_ANALYZER_NUMBER_OBJECT_CONVERSION = YES_AGGRESSIVE;
				CLANG_CXX_LANGUAGE_STANDARD = "gnu++14";
				CLANG_CXX_LIBRARY = "libc++";
				CLANG_ENABLE_MODULES = YES;
				CLANG_ENABLE_OBJC_ARC = YES;
				CLANG_ENABLE_OBJC_WEAK = YES;
				CLANG_WARN_BLOCK_CAPTURE_AUTORELEASING = YES;
				CLANG_WARN_BOOL_CONVERSION = YES;
				CLANG_WARN_COMMA = YES;
				CLANG_WARN_CONSTANT_CONVERSION = YES;
				CLANG_WARN_DEPRECATED_OBJC_IMPLEMENTATIONS = YES;
				CLANG_WARN_DIRECT_OBJC_ISA_USAGE = YES_ERROR;
				CLANG_WARN_DOCUMENTATION_COMMENTS = YES;
				CLANG_WARN_EMPTY_BODY = YES;
				CLANG_WARN_ENUM_CONVERSION = YES;
				CLANG_WARN_INFINITE_RECURSION = YES;
				CLANG_WARN_INT_CONVERSION = YES;
				CLANG_WARN_NON_LITERAL_NULL_CONVERSION = YES;
				CLANG_WARN_OBJC_IMPLICIT_RETAIN_SELF = YES;
				CLANG_WARN_OBJC_LITERAL_CONVERSION = YES;
				CLANG_WARN_OBJC_ROOT_CLASS = YES_ERROR;
				CLANG_WARN_RANGE_LOOP_ANALYSIS = YES;
				CLANG_WARN_STRICT_PROTOTYPES = YES;
				CLANG_WARN_SUSPICIOUS_MOVE = YES;
				CLANG_WARN_UNGUARDED_AVAILABILITY = YES_AGGRESSIVE;
				CLANG_WARN_UNREACHABLE_CODE = YES;
				CLANG_WARN__DUPLICATE_METHOD_MATCH = YES;
				CODE_SIGN_IDENTITY = "iPhone Developer";
				COPY_PHASE_STRIP = NO;
				DEBUG_INFORMATION_FORMAT = dwarf;
				ENABLE_STRICT_OBJC_MSGSEND = YES;
				ENABLE_TESTABILITY = YES;
				GCC_C_LANGUAGE_STANDARD = gnu11;
				GCC_DYNAMIC_NO_PIC = NO;
				GCC_NO_COMMON_BLOCKS = YES;
				GCC_OPTIMIZATION_LEVEL = 0;
				GCC_PREPROCESSOR_DEFINITIONS = (
					"DEBUG=1",
					"$(inherited)",
				);
				GCC_WARN_64_TO_32_BIT_CONVERSION = YES;
				GCC_WARN_ABOUT_RETURN_TYPE = YES_ERROR;
				GCC_WARN_UNDECLARED_SELECTOR = YES;
				GCC_WARN_UNINITIALIZED_AUTOS = YES_AGGRESSIVE;
				GCC_WARN_UNUSED_FUNCTION = YES;
				GCC_WARN_UNUSED_VARIABLE = YES;
				IPHONEOS_DEPLOYMENT_TARGET = 12.1;
				MTL_ENABLE_DEBUG_INFO = INCLUDE_SOURCE;
				MTL_FAST_MATH = YES;
				ONLY_ACTIVE_ARCH = YES;
				SDKROOT = iphoneos;
				SWIFT_ACTIVE_COMPILATION_CONDITIONS = DEBUG;
				SWIFT_OPTIMIZATION_LEVEL = "-Onone";
			};
			name = Debug;
		};
		7DC14F31222E83F400115548 /* Release */ = {
			isa = XCBuildConfiguration;
			buildSettings = {
				ALWAYS_SEARCH_USER_PATHS = NO;
				CLANG_ANALYZER_NONNULL = YES;
				CLANG_ANALYZER_NUMBER_OBJECT_CONVERSION = YES_AGGRESSIVE;
				CLANG_CXX_LANGUAGE_STANDARD = "gnu++14";
				CLANG_CXX_LIBRARY = "libc++";
				CLANG_ENABLE_MODULES = YES;
				CLANG_ENABLE_OBJC_ARC = YES;
				CLANG_ENABLE_OBJC_WEAK = YES;
				CLANG_WARN_BLOCK_CAPTURE_AUTORELEASING = YES;
				CLANG_WARN_BOOL_CONVERSION = YES;
				CLANG_WARN_COMMA = YES;
				CLANG_WARN_CONSTANT_CONVERSION = YES;
				CLANG_WARN_DEPRECATED_OBJC_IMPLEMENTATIONS = YES;
				CLANG_WARN_DIRECT_OBJC_ISA_USAGE = YES_ERROR;
				CLANG_WARN_DOCUMENTATION_COMMENTS = YES;
				CLANG_WARN_EMPTY_BODY = YES;
				CLANG_WARN_ENUM_CONVERSION = YES;
				CLANG_WARN_INFINITE_RECURSION = YES;
				CLANG_WARN_INT_CONVERSION = YES;
				CLANG_WARN_NON_LITERAL_NULL_CONVERSION = YES;
				CLANG_WARN_OBJC_IMPLICIT_RETAIN_SELF = YES;
				CLANG_WARN_OBJC_LITERAL_CONVERSION = YES;
				CLANG_WARN_OBJC_ROOT_CLASS = YES_ERROR;
				CLANG_WARN_RANGE_LOOP_ANALYSIS = YES;
				CLANG_WARN_STRICT_PROTOTYPES = YES;
				CLANG_WARN_SUSPICIOUS_MOVE = YES;
				CLANG_WARN_UNGUARDED_AVAILABILITY = YES_AGGRESSIVE;
				CLANG_WARN_UNREACHABLE_CODE = YES;
				CLANG_WARN__DUPLICATE_METHOD_MATCH = YES;
				CODE_SIGN_IDENTITY = "iPhone Developer";
				COPY_PHASE_STRIP = NO;
				DEBUG_INFORMATION_FORMAT = "dwarf-with-dsym";
				ENABLE_NS_ASSERTIONS = NO;
				ENABLE_STRICT_OBJC_MSGSEND = YES;
				GCC_C_LANGUAGE_STANDARD = gnu11;
				GCC_NO_COMMON_BLOCKS = YES;
				GCC_WARN_64_TO_32_BIT_CONVERSION = YES;
				GCC_WARN_ABOUT_RETURN_TYPE = YES_ERROR;
				GCC_WARN_UNDECLARED_SELECTOR = YES;
				GCC_WARN_UNINITIALIZED_AUTOS = YES_AGGRESSIVE;
				GCC_WARN_UNUSED_FUNCTION = YES;
				GCC_WARN_UNUSED_VARIABLE = YES;
				IPHONEOS_DEPLOYMENT_TARGET = 12.1;
				MTL_ENABLE_DEBUG_INFO = NO;
				MTL_FAST_MATH = YES;
				SDKROOT = iphoneos;
				SWIFT_COMPILATION_MODE = wholemodule;
				SWIFT_OPTIMIZATION_LEVEL = "-O";
				VALIDATE_PRODUCT = YES;
			};
			name = Release;
		};
		7DC14F33222E83F400115548 /* Debug */ = {
			isa = XCBuildConfiguration;
			buildSettings = {
				ASSETCATALOG_COMPILER_APPICON_NAME = AppIcon;
				CODE_SIGN_STYLE = Automatic;
				INFOPLIST_FILE = "Sign Up/Info.plist";
				LD_RUNPATH_SEARCH_PATHS = (
					"$(inherited)",
					"@executable_path/Frameworks",
				);
				PRODUCT_BUNDLE_IDENTIFIER = "in.anuranjanbose.Sign-Up";
				PRODUCT_NAME = "$(TARGET_NAME)";
				SWIFT_VERSION = 4.2;
				TARGETED_DEVICE_FAMILY = "1,2";
			};
			name = Debug;
		};
		7DC14F34222E83F400115548 /* Release */ = {
			isa = XCBuildConfiguration;
			buildSettings = {
				ASSETCATALOG_COMPILER_APPICON_NAME = AppIcon;
				CODE_SIGN_STYLE = Automatic;
				INFOPLIST_FILE = "Sign Up/Info.plist";
				LD_RUNPATH_SEARCH_PATHS = (
					"$(inherited)",
					"@executable_path/Frameworks",
				);
				PRODUCT_BUNDLE_IDENTIFIER = "in.anuranjanbose.Sign-Up";
				PRODUCT_NAME = "$(TARGET_NAME)";
				SWIFT_VERSION = 4.2;
				TARGETED_DEVICE_FAMILY = "1,2";
			};
			name = Release;
		};
/* End XCBuildConfiguration section */

/* Begin XCConfigurationList section */
		7DC14F1B222E83F300115548 /* Build configuration list for PBXProject "Sign Up" */ = {
			isa = XCConfigurationList;
			buildConfigurations = (
				7DC14F30222E83F400115548 /* Debug */,
				7DC14F31222E83F400115548 /* Release */,
			);
			defaultConfigurationIsVisible = 0;
			defaultConfigurationName = Release;
		};
		7DC14F32222E83F400115548 /* Build configuration list for PBXNativeTarget "Sign Up" */ = {
			isa = XCConfigurationList;
			buildConfigurations = (
				7DC14F33222E83F400115548 /* Debug */,
				7DC14F34222E83F400115548 /* Release */,
			);
			defaultConfigurationIsVisible = 0;
			defaultConfigurationName = Release;
		};
/* End XCConfigurationList section */
	};
	rootObject = 7DC14F18222E83F300115548 /* Project object */;
}
